
Microsoft Visual Studio Solution File, Format Version 12.00
# Visual Studio Version 16
VisualStudioVersion = 16.0.30907.101
MinimumVisualStudioVersion = 10.0.40219.1
Project("{8BC9CEB8-8B4A-11D0-8D11-00A0C91BC942}") = "Conversion", "Conversion.vcxproj", "{487B645D-7EDD-4222-835B-9D7D415FE1B0}"
EndProject
Global
	GlobalSection(SolutionConfigurationPlatforms) = preSolution
		Debug|x64 = Debug|x64
		Debug|x86 = Debug|x86
		Release|x64 = Release|x64
		Release|x86 = Release|x86
	EndGlobalSection
	GlobalSection(ProjectConfigurationPlatforms) = postSolution
		{487B645D-7EDD-4222-835B-9D7D415FE1B0}.Debug|x64.ActiveCfg = Debug|x64
		{487B645D-7EDD-4222-835B-9D7D415FE1B0}.Debug|x64.Build.0 = Debug|x64
		{487B645D-7EDD-4222-835B-9D7D415FE1B0}.Debug|x86.ActiveCfg = Debug|Win32
		{487B645D-7EDD-4222-835B-9D7D415FE1B0}.Debug|x86.Build.0 = Debug|Win32
		{487B645D-7EDD-4222-835B-9D7D415FE1B0}.Release|x64.ActiveCfg = Release|x64
		{487B645D-7EDD-4222-835B-9D7D415FE1B0}.Release|x64.Build.0 = Release|x64
		{487B645D-7EDD-4222-835B-9D7D415FE1B0}.Release|x86.ActiveCfg = Release|Win32
		{487B645D-7EDD-4222-835B-9D7D415FE1B0}.Release|x86.Build.0 = Release|Win32
	EndGlobalSection
	GlobalSection(SolutionProperties) = preSolution
		HideSolutionNode = FALSE
	EndGlobalSection
	GlobalSection(ExtensibilityGlobals) = postSolution
		SolutionGuid = {757FC3F9-AE6F-4DD8-9C4A-E45ABBF75AF0}
	EndGlobalSection
EndGlobal
